
Microsoft Visual Studio Solution File, Format Version 12.00
# Visual Studio Version 16
VisualStudioVersion = 16.0.29306.81
MinimumVisualStudioVersion = 10.0.40219.1
Project("{FAE04EC0-301F-11D3-BF4B-00C04F79EFBC}") = "HelloWPF", "HelloWPF\HelloWPF.csproj", "{1DC382D7-6FCA-41CD-856B-0328AA52F1B2}"
EndProject
Global
	GlobalSection(SolutionConfigurationPlatforms) = preSolution
		Debug|Any CPU = Debug|Any CPU
		Release|Any CPU = Release|Any CPU
	EndGlobalSection
	GlobalSection(ProjectConfigurationPlatforms) = postSolution
		{1DC382D7-6FCA-41CD-856B-0328AA52F1B2}.Debug|Any CPU.ActiveCfg = Debug|Any CPU
		{1DC382D7-6FCA-41CD-856B-0328AA52F1B2}.Debug|Any CPU.Build.0 = Debug|Any CPU
		{1DC382D7-6FCA-41CD-856B-0328AA52F1B2}.Release|Any CPU.ActiveCfg = Release|Any CPU
		{1DC382D7-6FCA-41CD-856B-0328AA52F1B2}.Release|Any CPU.Build.0 = Release|Any CPU
	EndGlobalSection
	GlobalSection(SolutionProperties) = preSolution
		HideSolutionNode = FALSE
	EndGlobalSection
	GlobalSection(ExtensibilityGlobals) = postSolution
		SolutionGuid = {8E2D57D9-5FC1-40AC-A840-7F26A7E7BB54}
	EndGlobalSection
EndGlobal
