
Microsoft Visual Studio Solution File, Format Version 12.00
# Visual Studio Version 16
VisualStudioVersion = 16.0.29509.3
MinimumVisualStudioVersion = 10.0.40219.1
Project("{FAE04EC0-301F-11D3-BF4B-00C04F79EFBC}") = "WPF data binding INotifyPropertyChanged", "WPF data binding INotifyPropertyChanged\WPF data binding INotifyPropertyChanged.csproj", "{E4BD5E53-C072-401F-B706-C21562A5FFDF}"
EndProject
Global
	GlobalSection(SolutionConfigurationPlatforms) = preSolution
		Debug|Any CPU = Debug|Any CPU
		Release|Any CPU = Release|Any CPU
	EndGlobalSection
	GlobalSection(ProjectConfigurationPlatforms) = postSolution
		{E4BD5E53-C072-401F-B706-C21562A5FFDF}.Debug|Any CPU.ActiveCfg = Debug|Any CPU
		{E4BD5E53-C072-401F-B706-C21562A5FFDF}.Debug|Any CPU.Build.0 = Debug|Any CPU
		{E4BD5E53-C072-401F-B706-C21562A5FFDF}.Release|Any CPU.ActiveCfg = Release|Any CPU
		{E4BD5E53-C072-401F-B706-C21562A5FFDF}.Release|Any CPU.Build.0 = Release|Any CPU
	EndGlobalSection
	GlobalSection(SolutionProperties) = preSolution
		HideSolutionNode = FALSE
	EndGlobalSection
	GlobalSection(ExtensibilityGlobals) = postSolution
		SolutionGuid = {7EAF8933-86F2-4421-89CB-16C149158DE4}
	EndGlobalSection
EndGlobal
