
Microsoft Visual Studio Solution File, Format Version 12.00
# Visual Studio Version 16
VisualStudioVersion = 16.0.29215.179
MinimumVisualStudioVersion = 10.0.40219.1
Project("{FAE04EC0-301F-11D3-BF4B-00C04F79EFBC}") = "Test", "Test\Test.csproj", "{2901D1C4-4548-4F90-92BE-F5FA702C3A53}"
EndProject
Global
	GlobalSection(SolutionConfigurationPlatforms) = preSolution
		Debug|Any CPU = Debug|Any CPU
		Release|Any CPU = Release|Any CPU
	EndGlobalSection
	GlobalSection(ProjectConfigurationPlatforms) = postSolution
		{2901D1C4-4548-4F90-92BE-F5FA702C3A53}.Debug|Any CPU.ActiveCfg = Debug|Any CPU
		{2901D1C4-4548-4F90-92BE-F5FA702C3A53}.Debug|Any CPU.Build.0 = Debug|Any CPU
		{2901D1C4-4548-4F90-92BE-F5FA702C3A53}.Release|Any CPU.ActiveCfg = Release|Any CPU
		{2901D1C4-4548-4F90-92BE-F5FA702C3A53}.Release|Any CPU.Build.0 = Release|Any CPU
	EndGlobalSection
	GlobalSection(SolutionProperties) = preSolution
		HideSolutionNode = FALSE
	EndGlobalSection
	GlobalSection(ExtensibilityGlobals) = postSolution
		SolutionGuid = {DB4081A8-E98A-46F9-BB95-F1E7A992E8A0}
	EndGlobalSection
EndGlobal
