
Microsoft Visual Studio Solution File, Format Version 12.00
# Visual Studio Version 16
VisualStudioVersion = 16.0.29215.179
MinimumVisualStudioVersion = 10.0.40219.1
Project("{FAE04EC0-301F-11D3-BF4B-00C04F79EFBC}") = "WPF-ZooManager", "WPF - ZooManager\WPF-ZooManager.csproj", "{92F48808-6D4F-4909-BA20-CEE2FF1B1643}"
EndProject
Global
	GlobalSection(SolutionConfigurationPlatforms) = preSolution
		Debug|Any CPU = Debug|Any CPU
		Release|Any CPU = Release|Any CPU
	EndGlobalSection
	GlobalSection(ProjectConfigurationPlatforms) = postSolution
		{92F48808-6D4F-4909-BA20-CEE2FF1B1643}.Debug|Any CPU.ActiveCfg = Debug|Any CPU
		{92F48808-6D4F-4909-BA20-CEE2FF1B1643}.Debug|Any CPU.Build.0 = Debug|Any CPU
		{92F48808-6D4F-4909-BA20-CEE2FF1B1643}.Release|Any CPU.ActiveCfg = Release|Any CPU
		{92F48808-6D4F-4909-BA20-CEE2FF1B1643}.Release|Any CPU.Build.0 = Release|Any CPU
	EndGlobalSection
	GlobalSection(SolutionProperties) = preSolution
		HideSolutionNode = FALSE
	EndGlobalSection
	GlobalSection(ExtensibilityGlobals) = postSolution
		SolutionGuid = {D605CA50-56E1-47D9-B8F8-D7DDF6C0F3C5}
	EndGlobalSection
EndGlobal
