
Microsoft Visual Studio Solution File, Format Version 12.00
# Visual Studio Version 16
VisualStudioVersion = 16.0.29215.179
MinimumVisualStudioVersion = 10.0.40219.1
Project("{FAE04EC0-301F-11D3-BF4B-00C04F79EFBC}") = "WPF - Combobox", "WPF - Combobox\WPF - Combobox.csproj", "{B3ACA38B-7D37-4FFB-8D0C-3750CC897A10}"
EndProject
Global
	GlobalSection(SolutionConfigurationPlatforms) = preSolution
		Debug|Any CPU = Debug|Any CPU
		Release|Any CPU = Release|Any CPU
	EndGlobalSection
	GlobalSection(ProjectConfigurationPlatforms) = postSolution
		{B3ACA38B-7D37-4FFB-8D0C-3750CC897A10}.Debug|Any CPU.ActiveCfg = Debug|Any CPU
		{B3ACA38B-7D37-4FFB-8D0C-3750CC897A10}.Debug|Any CPU.Build.0 = Debug|Any CPU
		{B3ACA38B-7D37-4FFB-8D0C-3750CC897A10}.Release|Any CPU.ActiveCfg = Release|Any CPU
		{B3ACA38B-7D37-4FFB-8D0C-3750CC897A10}.Release|Any CPU.Build.0 = Release|Any CPU
	EndGlobalSection
	GlobalSection(SolutionProperties) = preSolution
		HideSolutionNode = FALSE
	EndGlobalSection
	GlobalSection(ExtensibilityGlobals) = postSolution
		SolutionGuid = {5E3EA173-C94E-4D69-91F9-0A4F37D93865}
	EndGlobalSection
EndGlobal
