
Microsoft Visual Studio Solution File, Format Version 12.00
# Visual Studio Version 16
VisualStudioVersion = 16.0.29215.179
MinimumVisualStudioVersion = 10.0.40219.1
Project("{FAE04EC0-301F-11D3-BF4B-00C04F79EFBC}") = "WPF - Databinding", "WPF - Databinding\WPF - Databinding.csproj", "{027D8864-1026-462D-A0B4-79D14C417625}"
EndProject
Global
	GlobalSection(SolutionConfigurationPlatforms) = preSolution
		Debug|Any CPU = Debug|Any CPU
		Release|Any CPU = Release|Any CPU
	EndGlobalSection
	GlobalSection(ProjectConfigurationPlatforms) = postSolution
		{027D8864-1026-462D-A0B4-79D14C417625}.Debug|Any CPU.ActiveCfg = Debug|Any CPU
		{027D8864-1026-462D-A0B4-79D14C417625}.Debug|Any CPU.Build.0 = Debug|Any CPU
		{027D8864-1026-462D-A0B4-79D14C417625}.Release|Any CPU.ActiveCfg = Release|Any CPU
		{027D8864-1026-462D-A0B4-79D14C417625}.Release|Any CPU.Build.0 = Release|Any CPU
	EndGlobalSection
	GlobalSection(SolutionProperties) = preSolution
		HideSolutionNode = FALSE
	EndGlobalSection
	GlobalSection(ExtensibilityGlobals) = postSolution
		SolutionGuid = {86462A67-6922-4D47-939C-DFB4CD45ABFD}
	EndGlobalSection
EndGlobal
