
Microsoft Visual Studio Solution File, Format Version 12.00
# Visual Studio Version 16
VisualStudioVersion = 16.0.29215.179
MinimumVisualStudioVersion = 10.0.40219.1
Project("{FAE04EC0-301F-11D3-BF4B-00C04F79EFBC}") = "Interface", "Interface\Interface.csproj", "{741F8D0D-3292-40FF-9E45-FD083A36D98D}"
EndProject
Global
	GlobalSection(SolutionConfigurationPlatforms) = preSolution
		Debug|Any CPU = Debug|Any CPU
		Release|Any CPU = Release|Any CPU
	EndGlobalSection
	GlobalSection(ProjectConfigurationPlatforms) = postSolution
		{741F8D0D-3292-40FF-9E45-FD083A36D98D}.Debug|Any CPU.ActiveCfg = Debug|Any CPU
		{741F8D0D-3292-40FF-9E45-FD083A36D98D}.Debug|Any CPU.Build.0 = Debug|Any CPU
		{741F8D0D-3292-40FF-9E45-FD083A36D98D}.Release|Any CPU.ActiveCfg = Release|Any CPU
		{741F8D0D-3292-40FF-9E45-FD083A36D98D}.Release|Any CPU.Build.0 = Release|Any CPU
	EndGlobalSection
	GlobalSection(SolutionProperties) = preSolution
		HideSolutionNode = FALSE
	EndGlobalSection
	GlobalSection(ExtensibilityGlobals) = postSolution
		SolutionGuid = {03AE9283-E229-46EF-93D5-F5CF8FBCDAFB}
	EndGlobalSection
EndGlobal
