
Microsoft Visual Studio Solution File, Format Version 12.00
# Visual Studio Version 16
VisualStudioVersion = 16.0.29215.179
MinimumVisualStudioVersion = 10.0.40219.1
Project("{FAE04EC0-301F-11D3-BF4B-00C04F79EFBC}") = "WPF - CheckBox", "WPF - CheckBox\WPF - CheckBox.csproj", "{BAD9B183-5129-4EAF-8059-C553556F25EC}"
EndProject
Global
	GlobalSection(SolutionConfigurationPlatforms) = preSolution
		Debug|Any CPU = Debug|Any CPU
		Release|Any CPU = Release|Any CPU
	EndGlobalSection
	GlobalSection(ProjectConfigurationPlatforms) = postSolution
		{BAD9B183-5129-4EAF-8059-C553556F25EC}.Debug|Any CPU.ActiveCfg = Debug|Any CPU
		{BAD9B183-5129-4EAF-8059-C553556F25EC}.Debug|Any CPU.Build.0 = Debug|Any CPU
		{BAD9B183-5129-4EAF-8059-C553556F25EC}.Release|Any CPU.ActiveCfg = Release|Any CPU
		{BAD9B183-5129-4EAF-8059-C553556F25EC}.Release|Any CPU.Build.0 = Release|Any CPU
	EndGlobalSection
	GlobalSection(SolutionProperties) = preSolution
		HideSolutionNode = FALSE
	EndGlobalSection
	GlobalSection(ExtensibilityGlobals) = postSolution
		SolutionGuid = {0E9C31EA-CEA1-41A8-B68F-FEAA4424011D}
	EndGlobalSection
EndGlobal
