
Microsoft Visual Studio Solution File, Format Version 12.00
# Visual Studio Version 16
VisualStudioVersion = 16.0.29215.179
MinimumVisualStudioVersion = 10.0.40219.1
Project("{FAE04EC0-301F-11D3-BF4B-00C04F79EFBC}") = "WPF - Propertydata and eventTriggers", "WPF - Propertydata and eventTriggers\WPF - Propertydata and eventTriggers.csproj", "{018787EC-8AC7-41A4-9006-6B40F0EBF2EC}"
EndProject
Global
	GlobalSection(SolutionConfigurationPlatforms) = preSolution
		Debug|Any CPU = Debug|Any CPU
		Release|Any CPU = Release|Any CPU
	EndGlobalSection
	GlobalSection(ProjectConfigurationPlatforms) = postSolution
		{018787EC-8AC7-41A4-9006-6B40F0EBF2EC}.Debug|Any CPU.ActiveCfg = Debug|Any CPU
		{018787EC-8AC7-41A4-9006-6B40F0EBF2EC}.Debug|Any CPU.Build.0 = Debug|Any CPU
		{018787EC-8AC7-41A4-9006-6B40F0EBF2EC}.Release|Any CPU.ActiveCfg = Release|Any CPU
		{018787EC-8AC7-41A4-9006-6B40F0EBF2EC}.Release|Any CPU.Build.0 = Release|Any CPU
	EndGlobalSection
	GlobalSection(SolutionProperties) = preSolution
		HideSolutionNode = FALSE
	EndGlobalSection
	GlobalSection(ExtensibilityGlobals) = postSolution
		SolutionGuid = {F9BCAA03-1F5F-4DCC-9015-979A4B88AB4A}
	EndGlobalSection
EndGlobal
