
Microsoft Visual Studio Solution File, Format Version 12.00
# Visual Studio Version 16
VisualStudioVersion = 16.0.29215.179
MinimumVisualStudioVersion = 10.0.40219.1
Project("{FAE04EC0-301F-11D3-BF4B-00C04F79EFBC}") = "WPF - PasswordBox", "WPF - PasswordBox\WPF - PasswordBox.csproj", "{16648F60-0ED4-4A62-81D1-079AEEA4D9AB}"
EndProject
Global
	GlobalSection(SolutionConfigurationPlatforms) = preSolution
		Debug|Any CPU = Debug|Any CPU
		Release|Any CPU = Release|Any CPU
	EndGlobalSection
	GlobalSection(ProjectConfigurationPlatforms) = postSolution
		{16648F60-0ED4-4A62-81D1-079AEEA4D9AB}.Debug|Any CPU.ActiveCfg = Debug|Any CPU
		{16648F60-0ED4-4A62-81D1-079AEEA4D9AB}.Debug|Any CPU.Build.0 = Debug|Any CPU
		{16648F60-0ED4-4A62-81D1-079AEEA4D9AB}.Release|Any CPU.ActiveCfg = Release|Any CPU
		{16648F60-0ED4-4A62-81D1-079AEEA4D9AB}.Release|Any CPU.Build.0 = Release|Any CPU
	EndGlobalSection
	GlobalSection(SolutionProperties) = preSolution
		HideSolutionNode = FALSE
	EndGlobalSection
	GlobalSection(ExtensibilityGlobals) = postSolution
		SolutionGuid = {9173955F-B00F-491B-8791-7147F6812D17}
	EndGlobalSection
EndGlobal
